
Microsoft Visual Studio Solution File, Format Version 12.00
# Visual Studio Version 16
VisualStudioVersion = 16.0.29020.237
MinimumVisualStudioVersion = 10.0.40219.1
Project("{9A19103F-16F7-4668-BE54-9A1E7A4F7556}") = "Redis2Go", "Redis2Go\Redis2Go.csproj", "{3C5A9075-1AE7-47AC-9477-FEC040E1B200}"
EndProject
Project("{9A19103F-16F7-4668-BE54-9A1E7A4F7556}") = "Redis2Go.Tests", "Redis2Go.Tests\Redis2Go.Tests.csproj", "{21DEF888-2E20-4088-83AA-F0B54A20073B}"
EndProject
Global
	GlobalSection(SolutionConfigurationPlatforms) = preSolution
		Debug|Any CPU = Debug|Any CPU
		Release|Any CPU = Release|Any CPU
	EndGlobalSection
	GlobalSection(ProjectConfigurationPlatforms) = postSolution
		{3C5A9075-1AE7-47AC-9477-FEC040E1B200}.Debug|Any CPU.ActiveCfg = Debug|Any CPU
		{3C5A9075-1AE7-47AC-9477-FEC040E1B200}.Debug|Any CPU.Build.0 = Debug|Any CPU
		{3C5A9075-1AE7-47AC-9477-FEC040E1B200}.Release|Any CPU.ActiveCfg = Release|Any CPU
		{3C5A9075-1AE7-47AC-9477-FEC040E1B200}.Release|Any CPU.Build.0 = Release|Any CPU
		{21DEF888-2E20-4088-83AA-F0B54A20073B}.Debug|Any CPU.ActiveCfg = Debug|Any CPU
		{21DEF888-2E20-4088-83AA-F0B54A20073B}.Debug|Any CPU.Build.0 = Debug|Any CPU
		{21DEF888-2E20-4088-83AA-F0B54A20073B}.Release|Any CPU.ActiveCfg = Release|Any CPU
		{21DEF888-2E20-4088-83AA-F0B54A20073B}.Release|Any CPU.Build.0 = Release|Any CPU
	EndGlobalSection
	GlobalSection(SolutionProperties) = preSolution
		HideSolutionNode = FALSE
	EndGlobalSection
	GlobalSection(ExtensibilityGlobals) = postSolution
		SolutionGuid = {F7258C88-2616-4735-BB72-257333AAE375}
	EndGlobalSection
EndGlobal
